
Microsoft Visual Studio Solution File, Format Version 12.00
# Visual Studio 14
VisualStudioVersion = 14.0.24720.0
MinimumVisualStudioVersion = 10.0.40219.1
Project("{2150E333-8FDC-42A3-9474-1A3956D46DE8}") = "Server", "Server", "{CA83FB75-CAE5-4786-A662-5FDFBDB31B29}"
EndProject
Project("{FAE04EC0-301F-11D3-BF4B-00C04F79EFBC}") = "dng.ResumableUpload", "src\dng.ResumableUpload.csproj", "{44797788-A59D-4847-AE13-27ED11EF39BC}"
EndProject
Project("{2150E333-8FDC-42A3-9474-1A3956D46DE8}") = "samples", "samples", "{F9ACBA22-5332-4345-BDF0-EB3827C61FEA}"
EndProject
Project("{2150E333-8FDC-42A3-9474-1A3956D46DE8}") = "build", "build", "{D0348325-C5DD-4DDD-B271-D9B97DE128AA}"
	ProjectSection(SolutionItems) = preProject
		build.bat = build.bat
		build.fsx = build.fsx
		build\dng.ResumableUpload.nuspec = build\dng.ResumableUpload.nuspec
	EndProjectSection
EndProject
Global
	GlobalSection(SolutionConfigurationPlatforms) = preSolution
		Debug|Any CPU = Debug|Any CPU
		Release|Any CPU = Release|Any CPU
	EndGlobalSection
	GlobalSection(ProjectConfigurationPlatforms) = postSolution
		{44797788-A59D-4847-AE13-27ED11EF39BC}.Debug|Any CPU.ActiveCfg = Debug|Any CPU
		{44797788-A59D-4847-AE13-27ED11EF39BC}.Debug|Any CPU.Build.0 = Debug|Any CPU
		{44797788-A59D-4847-AE13-27ED11EF39BC}.Release|Any CPU.ActiveCfg = Release|Any CPU
		{44797788-A59D-4847-AE13-27ED11EF39BC}.Release|Any CPU.Build.0 = Release|Any CPU
	EndGlobalSection
	GlobalSection(SolutionProperties) = preSolution
		HideSolutionNode = FALSE
	EndGlobalSection
	GlobalSection(NestedProjects) = preSolution
		{44797788-A59D-4847-AE13-27ED11EF39BC} = {CA83FB75-CAE5-4786-A662-5FDFBDB31B29}
	EndGlobalSection
EndGlobal
